
Microsoft Visual Studio Solution File, Format Version 12.00
# Visual Studio 15
VisualStudioVersion = 15.0.27703.2018
MinimumVisualStudioVersion = 10.0.40219.1
Project("{FAE04EC0-301F-11D3-BF4B-00C04F79EFBC}") = "GiftBox", "GiftBox\GiftBox.csproj", "{3A4BF3FB-B618-45EF-8B99-0A4FA4DC3294}"
EndProject
Project("{FAE04EC0-301F-11D3-BF4B-00C04F79EFBC}") = "TaskPlanner", "TaskPlanner\TaskPlanner.csproj", "{10A8A08A-8DFB-44B8-AA86-4A306DC21C41}"
EndProject
Project("{FAE04EC0-301F-11D3-BF4B-00C04F79EFBC}") = "FroggySquad", "FroggySquad\FroggySquad.csproj", "{26CAA635-83D6-4860-94F0-D8A5A936C992}"
EndProject
Global
	GlobalSection(SolutionConfigurationPlatforms) = preSolution
		Debug|Any CPU = Debug|Any CPU
		Release|Any CPU = Release|Any CPU
	EndGlobalSection
	GlobalSection(ProjectConfigurationPlatforms) = postSolution
		{3A4BF3FB-B618-45EF-8B99-0A4FA4DC3294}.Debug|Any CPU.ActiveCfg = Debug|Any CPU
		{3A4BF3FB-B618-45EF-8B99-0A4FA4DC3294}.Debug|Any CPU.Build.0 = Debug|Any CPU
		{3A4BF3FB-B618-45EF-8B99-0A4FA4DC3294}.Release|Any CPU.ActiveCfg = Release|Any CPU
		{3A4BF3FB-B618-45EF-8B99-0A4FA4DC3294}.Release|Any CPU.Build.0 = Release|Any CPU
		{10A8A08A-8DFB-44B8-AA86-4A306DC21C41}.Debug|Any CPU.ActiveCfg = Debug|Any CPU
		{10A8A08A-8DFB-44B8-AA86-4A306DC21C41}.Debug|Any CPU.Build.0 = Debug|Any CPU
		{10A8A08A-8DFB-44B8-AA86-4A306DC21C41}.Release|Any CPU.ActiveCfg = Release|Any CPU
		{10A8A08A-8DFB-44B8-AA86-4A306DC21C41}.Release|Any CPU.Build.0 = Release|Any CPU
		{26CAA635-83D6-4860-94F0-D8A5A936C992}.Debug|Any CPU.ActiveCfg = Debug|Any CPU
		{26CAA635-83D6-4860-94F0-D8A5A936C992}.Debug|Any CPU.Build.0 = Debug|Any CPU
		{26CAA635-83D6-4860-94F0-D8A5A936C992}.Release|Any CPU.ActiveCfg = Release|Any CPU
		{26CAA635-83D6-4860-94F0-D8A5A936C992}.Release|Any CPU.Build.0 = Release|Any CPU
	EndGlobalSection
	GlobalSection(SolutionProperties) = preSolution
		HideSolutionNode = FALSE
	EndGlobalSection
	GlobalSection(ExtensibilityGlobals) = postSolution
		SolutionGuid = {516FE42B-2B80-4ECC-90AE-B4C384D3E05B}
	EndGlobalSection
EndGlobal
