
Microsoft Visual Studio Solution File, Format Version 12.00
# Visual Studio 15
VisualStudioVersion = 15.0.27703.2018
MinimumVisualStudioVersion = 10.0.40219.1
Project("{FAE04EC0-301F-11D3-BF4B-00C04F79EFBC}") = "TheHuntingGames", "TheHuntingGames\TheHuntingGames.csproj", "{23CB46C6-1C97-4B60-B09A-B8A7277B07F2}"
EndProject
Project("{FAE04EC0-301F-11D3-BF4B-00C04F79EFBC}") = "SeizeTheFire", "SeizeTheFire\SeizeTheFire.csproj", "{2034F18D-98A5-4A5B-ABD3-D63838B85F5C}"
EndProject
Project("{FAE04EC0-301F-11D3-BF4B-00C04F79EFBC}") = "TheFinalQuest", "TheFinalQuest\TheFinalQuest.csproj", "{5D2ADDE5-654E-4CED-BEE8-2EFA94051368}"
EndProject
Global
	GlobalSection(SolutionConfigurationPlatforms) = preSolution
		Debug|Any CPU = Debug|Any CPU
		Release|Any CPU = Release|Any CPU
	EndGlobalSection
	GlobalSection(ProjectConfigurationPlatforms) = postSolution
		{23CB46C6-1C97-4B60-B09A-B8A7277B07F2}.Debug|Any CPU.ActiveCfg = Debug|Any CPU
		{23CB46C6-1C97-4B60-B09A-B8A7277B07F2}.Debug|Any CPU.Build.0 = Debug|Any CPU
		{23CB46C6-1C97-4B60-B09A-B8A7277B07F2}.Release|Any CPU.ActiveCfg = Release|Any CPU
		{23CB46C6-1C97-4B60-B09A-B8A7277B07F2}.Release|Any CPU.Build.0 = Release|Any CPU
		{2034F18D-98A5-4A5B-ABD3-D63838B85F5C}.Debug|Any CPU.ActiveCfg = Debug|Any CPU
		{2034F18D-98A5-4A5B-ABD3-D63838B85F5C}.Debug|Any CPU.Build.0 = Debug|Any CPU
		{2034F18D-98A5-4A5B-ABD3-D63838B85F5C}.Release|Any CPU.ActiveCfg = Release|Any CPU
		{2034F18D-98A5-4A5B-ABD3-D63838B85F5C}.Release|Any CPU.Build.0 = Release|Any CPU
		{5D2ADDE5-654E-4CED-BEE8-2EFA94051368}.Debug|Any CPU.ActiveCfg = Debug|Any CPU
		{5D2ADDE5-654E-4CED-BEE8-2EFA94051368}.Debug|Any CPU.Build.0 = Debug|Any CPU
		{5D2ADDE5-654E-4CED-BEE8-2EFA94051368}.Release|Any CPU.ActiveCfg = Release|Any CPU
		{5D2ADDE5-654E-4CED-BEE8-2EFA94051368}.Release|Any CPU.Build.0 = Release|Any CPU
	EndGlobalSection
	GlobalSection(SolutionProperties) = preSolution
		HideSolutionNode = FALSE
	EndGlobalSection
	GlobalSection(ExtensibilityGlobals) = postSolution
		SolutionGuid = {EAAB0A3A-863A-41B9-BF5B-D99928C88FDE}
	EndGlobalSection
EndGlobal
